
Microsoft Visual Studio Solution File, Format Version 12.00
# Visual Studio 15
VisualStudioVersion = 15.0.26730.16
MinimumVisualStudioVersion = 10.0.40219.1
Project("{2150E333-8FDC-42A3-9474-1A3956D46DE8}") = "Engine", "Engine", "{4518228B-A19C-4DC7-92A8-FAAF7414019C}"
EndProject
Project("{2150E333-8FDC-42A3-9474-1A3956D46DE8}") = "Games", "Games", "{C0AC6525-1031-4532-8FB5-2476F02FA1CD}"
EndProject
Project("{8BC9CEB8-8B4A-11D0-8D11-00A0C91BC942}") = "UE4", "Intermediate\ProjectFiles\UE4.vcxproj", "{D512E375-E9F2-4EB9-A141-44603F6470E3}"
EndProject
Project("{8BC9CEB8-8B4A-11D0-8D11-00A0C91BC942}") = "LostBox", "Intermediate\ProjectFiles\LostBox.vcxproj", "{B4735D9B-2227-4E40-8F68-903C1A9B1A51}"
EndProject
Global
	GlobalSection(SolutionConfigurationPlatforms) = preSolution
		DebugGame Editor|HTML5 = DebugGame Editor|HTML5
		DebugGame Editor|Win32 = DebugGame Editor|Win32
		DebugGame Editor|Win64 = DebugGame Editor|Win64
		DebugGame|HTML5 = DebugGame|HTML5
		DebugGame|Win32 = DebugGame|Win32
		DebugGame|Win64 = DebugGame|Win64
		Development Editor|HTML5 = Development Editor|HTML5
		Development Editor|Win32 = Development Editor|Win32
		Development Editor|Win64 = Development Editor|Win64
		Development|HTML5 = Development|HTML5
		Development|Win32 = Development|Win32
		Development|Win64 = Development|Win64
		Shipping|HTML5 = Shipping|HTML5
		Shipping|Win32 = Shipping|Win32
		Shipping|Win64 = Shipping|Win64
	EndGlobalSection
	GlobalSection(ProjectConfigurationPlatforms) = postSolution
		{D512E375-E9F2-4EB9-A141-44603F6470E3}.DebugGame Editor|HTML5.ActiveCfg = BuiltWithUnrealBuildTool|Win32
		{D512E375-E9F2-4EB9-A141-44603F6470E3}.DebugGame Editor|HTML5.Build.0 = BuiltWithUnrealBuildTool|Win32
		{D512E375-E9F2-4EB9-A141-44603F6470E3}.DebugGame Editor|Win32.ActiveCfg = BuiltWithUnrealBuildTool|Win32
		{D512E375-E9F2-4EB9-A141-44603F6470E3}.DebugGame Editor|Win32.Build.0 = BuiltWithUnrealBuildTool|Win32
		{D512E375-E9F2-4EB9-A141-44603F6470E3}.DebugGame Editor|Win64.ActiveCfg = BuiltWithUnrealBuildTool|Win32
		{D512E375-E9F2-4EB9-A141-44603F6470E3}.DebugGame Editor|Win64.Build.0 = BuiltWithUnrealBuildTool|Win32
		{D512E375-E9F2-4EB9-A141-44603F6470E3}.DebugGame|HTML5.ActiveCfg = BuiltWithUnrealBuildTool|Win32
		{D512E375-E9F2-4EB9-A141-44603F6470E3}.DebugGame|HTML5.Build.0 = BuiltWithUnrealBuildTool|Win32
		{D512E375-E9F2-4EB9-A141-44603F6470E3}.DebugGame|Win32.ActiveCfg = BuiltWithUnrealBuildTool|Win32
		{D512E375-E9F2-4EB9-A141-44603F6470E3}.DebugGame|Win32.Build.0 = BuiltWithUnrealBuildTool|Win32
		{D512E375-E9F2-4EB9-A141-44603F6470E3}.DebugGame|Win64.ActiveCfg = BuiltWithUnrealBuildTool|Win32
		{D512E375-E9F2-4EB9-A141-44603F6470E3}.DebugGame|Win64.Build.0 = BuiltWithUnrealBuildTool|Win32
		{D512E375-E9F2-4EB9-A141-44603F6470E3}.Development Editor|HTML5.ActiveCfg = BuiltWithUnrealBuildTool|Win32
		{D512E375-E9F2-4EB9-A141-44603F6470E3}.Development Editor|HTML5.Build.0 = BuiltWithUnrealBuildTool|Win32
		{D512E375-E9F2-4EB9-A141-44603F6470E3}.Development Editor|Win32.ActiveCfg = BuiltWithUnrealBuildTool|Win32
		{D512E375-E9F2-4EB9-A141-44603F6470E3}.Development Editor|Win32.Build.0 = BuiltWithUnrealBuildTool|Win32
		{D512E375-E9F2-4EB9-A141-44603F6470E3}.Development Editor|Win64.ActiveCfg = BuiltWithUnrealBuildTool|Win32
		{D512E375-E9F2-4EB9-A141-44603F6470E3}.Development Editor|Win64.Build.0 = BuiltWithUnrealBuildTool|Win32
		{D512E375-E9F2-4EB9-A141-44603F6470E3}.Development|HTML5.ActiveCfg = BuiltWithUnrealBuildTool|Win32
		{D512E375-E9F2-4EB9-A141-44603F6470E3}.Development|HTML5.Build.0 = BuiltWithUnrealBuildTool|Win32
		{D512E375-E9F2-4EB9-A141-44603F6470E3}.Development|Win32.ActiveCfg = BuiltWithUnrealBuildTool|Win32
		{D512E375-E9F2-4EB9-A141-44603F6470E3}.Development|Win32.Build.0 = BuiltWithUnrealBuildTool|Win32
		{D512E375-E9F2-4EB9-A141-44603F6470E3}.Development|Win64.ActiveCfg = BuiltWithUnrealBuildTool|Win32
		{D512E375-E9F2-4EB9-A141-44603F6470E3}.Development|Win64.Build.0 = BuiltWithUnrealBuildTool|Win32
		{D512E375-E9F2-4EB9-A141-44603F6470E3}.Shipping|HTML5.ActiveCfg = BuiltWithUnrealBuildTool|Win32
		{D512E375-E9F2-4EB9-A141-44603F6470E3}.Shipping|HTML5.Build.0 = BuiltWithUnrealBuildTool|Win32
		{D512E375-E9F2-4EB9-A141-44603F6470E3}.Shipping|Win32.ActiveCfg = BuiltWithUnrealBuildTool|Win32
		{D512E375-E9F2-4EB9-A141-44603F6470E3}.Shipping|Win32.Build.0 = BuiltWithUnrealBuildTool|Win32
		{D512E375-E9F2-4EB9-A141-44603F6470E3}.Shipping|Win64.ActiveCfg = BuiltWithUnrealBuildTool|Win32
		{D512E375-E9F2-4EB9-A141-44603F6470E3}.Shipping|Win64.Build.0 = BuiltWithUnrealBuildTool|Win32
		{B4735D9B-2227-4E40-8F68-903C1A9B1A51}.DebugGame Editor|HTML5.ActiveCfg = HTML5_DebugGame_Editor|Win32
		{B4735D9B-2227-4E40-8F68-903C1A9B1A51}.DebugGame Editor|Win32.ActiveCfg = DebugGame_Editor|Win32
		{B4735D9B-2227-4E40-8F68-903C1A9B1A51}.DebugGame Editor|Win64.ActiveCfg = DebugGame_Editor|x64
		{B4735D9B-2227-4E40-8F68-903C1A9B1A51}.DebugGame Editor|Win64.Build.0 = DebugGame_Editor|x64
		{B4735D9B-2227-4E40-8F68-903C1A9B1A51}.DebugGame|HTML5.ActiveCfg = HTML5_DebugGame_Game|Win32
		{B4735D9B-2227-4E40-8F68-903C1A9B1A51}.DebugGame|HTML5.Build.0 = HTML5_DebugGame_Game|Win32
		{B4735D9B-2227-4E40-8F68-903C1A9B1A51}.DebugGame|Win32.ActiveCfg = DebugGame_Game|Win32
		{B4735D9B-2227-4E40-8F68-903C1A9B1A51}.DebugGame|Win32.Build.0 = DebugGame_Game|Win32
		{B4735D9B-2227-4E40-8F68-903C1A9B1A51}.DebugGame|Win64.ActiveCfg = DebugGame_Game|x64
		{B4735D9B-2227-4E40-8F68-903C1A9B1A51}.DebugGame|Win64.Build.0 = DebugGame_Game|x64
		{B4735D9B-2227-4E40-8F68-903C1A9B1A51}.Development Editor|HTML5.ActiveCfg = HTML5_Development_Editor|Win32
		{B4735D9B-2227-4E40-8F68-903C1A9B1A51}.Development Editor|Win32.ActiveCfg = Development_Editor|Win32
		{B4735D9B-2227-4E40-8F68-903C1A9B1A51}.Development Editor|Win64.ActiveCfg = Development_Editor|x64
		{B4735D9B-2227-4E40-8F68-903C1A9B1A51}.Development Editor|Win64.Build.0 = Development_Editor|x64
		{B4735D9B-2227-4E40-8F68-903C1A9B1A51}.Development|HTML5.ActiveCfg = HTML5_Development_Game|Win32
		{B4735D9B-2227-4E40-8F68-903C1A9B1A51}.Development|HTML5.Build.0 = HTML5_Development_Game|Win32
		{B4735D9B-2227-4E40-8F68-903C1A9B1A51}.Development|Win32.ActiveCfg = Development_Game|Win32
		{B4735D9B-2227-4E40-8F68-903C1A9B1A51}.Development|Win32.Build.0 = Development_Game|Win32
		{B4735D9B-2227-4E40-8F68-903C1A9B1A51}.Development|Win64.ActiveCfg = Development_Game|x64
		{B4735D9B-2227-4E40-8F68-903C1A9B1A51}.Development|Win64.Build.0 = Development_Game|x64
		{B4735D9B-2227-4E40-8F68-903C1A9B1A51}.Shipping|HTML5.ActiveCfg = HTML5_Shipping_Game|Win32
		{B4735D9B-2227-4E40-8F68-903C1A9B1A51}.Shipping|HTML5.Build.0 = HTML5_Shipping_Game|Win32
		{B4735D9B-2227-4E40-8F68-903C1A9B1A51}.Shipping|Win32.ActiveCfg = Shipping_Game|Win32
		{B4735D9B-2227-4E40-8F68-903C1A9B1A51}.Shipping|Win32.Build.0 = Shipping_Game|Win32
		{B4735D9B-2227-4E40-8F68-903C1A9B1A51}.Shipping|Win64.ActiveCfg = Shipping_Game|x64
		{B4735D9B-2227-4E40-8F68-903C1A9B1A51}.Shipping|Win64.Build.0 = Shipping_Game|x64
	EndGlobalSection
	GlobalSection(SolutionProperties) = preSolution
		HideSolutionNode = FALSE
	EndGlobalSection
	GlobalSection(NestedProjects) = preSolution
		{D512E375-E9F2-4EB9-A141-44603F6470E3} = {4518228B-A19C-4DC7-92A8-FAAF7414019C}
		{B4735D9B-2227-4E40-8F68-903C1A9B1A51} = {C0AC6525-1031-4532-8FB5-2476F02FA1CD}
	EndGlobalSection
	GlobalSection(ExtensibilityGlobals) = postSolution
		SolutionGuid = {B984D1BD-5571-4131-9721-8741CE03B917}
	EndGlobalSection
EndGlobal
