
Microsoft Visual Studio Solution File, Format Version 12.00
# Visual Studio 15
VisualStudioVersion = 15.0.26730.15
MinimumVisualStudioVersion = 10.0.40219.1
Project("{2150E333-8FDC-42A3-9474-1A3956D46DE8}") = "Engine", "Engine", "{B20CF445-6C8C-4D13-8DF5-760D281A4A1E}"
EndProject
Project("{2150E333-8FDC-42A3-9474-1A3956D46DE8}") = "Games", "Games", "{F28E9D81-00B6-4B5C-B238-0F0CAF7B92CA}"
EndProject
Project("{8BC9CEB8-8B4A-11D0-8D11-00A0C91BC942}") = "UE4", "Intermediate\ProjectFiles\UE4.vcxproj", "{4E5BD83A-FD1F-4DE9-88E6-828D8D037926}"
EndProject
Project("{8BC9CEB8-8B4A-11D0-8D11-00A0C91BC942}") = "LostBox", "Intermediate\ProjectFiles\LostBox.vcxproj", "{6A63DFCF-799D-4EA2-A01F-985EB05958B9}"
EndProject
Global
	GlobalSection(SolutionConfigurationPlatforms) = preSolution
		DebugGame Editor|HTML5 = DebugGame Editor|HTML5
		DebugGame Editor|Win32 = DebugGame Editor|Win32
		DebugGame Editor|Win64 = DebugGame Editor|Win64
		DebugGame|HTML5 = DebugGame|HTML5
		DebugGame|Win32 = DebugGame|Win32
		DebugGame|Win64 = DebugGame|Win64
		Development Editor|HTML5 = Development Editor|HTML5
		Development Editor|Win32 = Development Editor|Win32
		Development Editor|Win64 = Development Editor|Win64
		Development|HTML5 = Development|HTML5
		Development|Win32 = Development|Win32
		Development|Win64 = Development|Win64
		Shipping|HTML5 = Shipping|HTML5
		Shipping|Win32 = Shipping|Win32
		Shipping|Win64 = Shipping|Win64
	EndGlobalSection
	GlobalSection(ProjectConfigurationPlatforms) = postSolution
		{4E5BD83A-FD1F-4DE9-88E6-828D8D037926}.DebugGame Editor|HTML5.ActiveCfg = BuiltWithUnrealBuildTool|Win32
		{4E5BD83A-FD1F-4DE9-88E6-828D8D037926}.DebugGame Editor|HTML5.Build.0 = BuiltWithUnrealBuildTool|Win32
		{4E5BD83A-FD1F-4DE9-88E6-828D8D037926}.DebugGame Editor|Win32.ActiveCfg = BuiltWithUnrealBuildTool|Win32
		{4E5BD83A-FD1F-4DE9-88E6-828D8D037926}.DebugGame Editor|Win32.Build.0 = BuiltWithUnrealBuildTool|Win32
		{4E5BD83A-FD1F-4DE9-88E6-828D8D037926}.DebugGame Editor|Win64.ActiveCfg = BuiltWithUnrealBuildTool|Win32
		{4E5BD83A-FD1F-4DE9-88E6-828D8D037926}.DebugGame Editor|Win64.Build.0 = BuiltWithUnrealBuildTool|Win32
		{4E5BD83A-FD1F-4DE9-88E6-828D8D037926}.DebugGame|HTML5.ActiveCfg = BuiltWithUnrealBuildTool|Win32
		{4E5BD83A-FD1F-4DE9-88E6-828D8D037926}.DebugGame|HTML5.Build.0 = BuiltWithUnrealBuildTool|Win32
		{4E5BD83A-FD1F-4DE9-88E6-828D8D037926}.DebugGame|Win32.ActiveCfg = BuiltWithUnrealBuildTool|Win32
		{4E5BD83A-FD1F-4DE9-88E6-828D8D037926}.DebugGame|Win32.Build.0 = BuiltWithUnrealBuildTool|Win32
		{4E5BD83A-FD1F-4DE9-88E6-828D8D037926}.DebugGame|Win64.ActiveCfg = BuiltWithUnrealBuildTool|Win32
		{4E5BD83A-FD1F-4DE9-88E6-828D8D037926}.DebugGame|Win64.Build.0 = BuiltWithUnrealBuildTool|Win32
		{4E5BD83A-FD1F-4DE9-88E6-828D8D037926}.Development Editor|HTML5.ActiveCfg = BuiltWithUnrealBuildTool|Win32
		{4E5BD83A-FD1F-4DE9-88E6-828D8D037926}.Development Editor|HTML5.Build.0 = BuiltWithUnrealBuildTool|Win32
		{4E5BD83A-FD1F-4DE9-88E6-828D8D037926}.Development Editor|Win32.ActiveCfg = BuiltWithUnrealBuildTool|Win32
		{4E5BD83A-FD1F-4DE9-88E6-828D8D037926}.Development Editor|Win32.Build.0 = BuiltWithUnrealBuildTool|Win32
		{4E5BD83A-FD1F-4DE9-88E6-828D8D037926}.Development Editor|Win64.ActiveCfg = BuiltWithUnrealBuildTool|Win32
		{4E5BD83A-FD1F-4DE9-88E6-828D8D037926}.Development Editor|Win64.Build.0 = BuiltWithUnrealBuildTool|Win32
		{4E5BD83A-FD1F-4DE9-88E6-828D8D037926}.Development|HTML5.ActiveCfg = BuiltWithUnrealBuildTool|Win32
		{4E5BD83A-FD1F-4DE9-88E6-828D8D037926}.Development|HTML5.Build.0 = BuiltWithUnrealBuildTool|Win32
		{4E5BD83A-FD1F-4DE9-88E6-828D8D037926}.Development|Win32.ActiveCfg = BuiltWithUnrealBuildTool|Win32
		{4E5BD83A-FD1F-4DE9-88E6-828D8D037926}.Development|Win32.Build.0 = BuiltWithUnrealBuildTool|Win32
		{4E5BD83A-FD1F-4DE9-88E6-828D8D037926}.Development|Win64.ActiveCfg = BuiltWithUnrealBuildTool|Win32
		{4E5BD83A-FD1F-4DE9-88E6-828D8D037926}.Development|Win64.Build.0 = BuiltWithUnrealBuildTool|Win32
		{4E5BD83A-FD1F-4DE9-88E6-828D8D037926}.Shipping|HTML5.ActiveCfg = BuiltWithUnrealBuildTool|Win32
		{4E5BD83A-FD1F-4DE9-88E6-828D8D037926}.Shipping|HTML5.Build.0 = BuiltWithUnrealBuildTool|Win32
		{4E5BD83A-FD1F-4DE9-88E6-828D8D037926}.Shipping|Win32.ActiveCfg = BuiltWithUnrealBuildTool|Win32
		{4E5BD83A-FD1F-4DE9-88E6-828D8D037926}.Shipping|Win32.Build.0 = BuiltWithUnrealBuildTool|Win32
		{4E5BD83A-FD1F-4DE9-88E6-828D8D037926}.Shipping|Win64.ActiveCfg = BuiltWithUnrealBuildTool|Win32
		{4E5BD83A-FD1F-4DE9-88E6-828D8D037926}.Shipping|Win64.Build.0 = BuiltWithUnrealBuildTool|Win32
		{6A63DFCF-799D-4EA2-A01F-985EB05958B9}.DebugGame Editor|HTML5.ActiveCfg = HTML5_DebugGame_Editor|Win32
		{6A63DFCF-799D-4EA2-A01F-985EB05958B9}.DebugGame Editor|Win32.ActiveCfg = DebugGame_Editor|Win32
		{6A63DFCF-799D-4EA2-A01F-985EB05958B9}.DebugGame Editor|Win64.ActiveCfg = DebugGame_Editor|x64
		{6A63DFCF-799D-4EA2-A01F-985EB05958B9}.DebugGame Editor|Win64.Build.0 = DebugGame_Editor|x64
		{6A63DFCF-799D-4EA2-A01F-985EB05958B9}.DebugGame|HTML5.ActiveCfg = HTML5_DebugGame_Game|Win32
		{6A63DFCF-799D-4EA2-A01F-985EB05958B9}.DebugGame|HTML5.Build.0 = HTML5_DebugGame_Game|Win32
		{6A63DFCF-799D-4EA2-A01F-985EB05958B9}.DebugGame|Win32.ActiveCfg = DebugGame_Game|Win32
		{6A63DFCF-799D-4EA2-A01F-985EB05958B9}.DebugGame|Win32.Build.0 = DebugGame_Game|Win32
		{6A63DFCF-799D-4EA2-A01F-985EB05958B9}.DebugGame|Win64.ActiveCfg = DebugGame_Game|x64
		{6A63DFCF-799D-4EA2-A01F-985EB05958B9}.DebugGame|Win64.Build.0 = DebugGame_Game|x64
		{6A63DFCF-799D-4EA2-A01F-985EB05958B9}.Development Editor|HTML5.ActiveCfg = HTML5_Development_Editor|Win32
		{6A63DFCF-799D-4EA2-A01F-985EB05958B9}.Development Editor|Win32.ActiveCfg = Development_Editor|Win32
		{6A63DFCF-799D-4EA2-A01F-985EB05958B9}.Development Editor|Win64.ActiveCfg = Development_Editor|x64
		{6A63DFCF-799D-4EA2-A01F-985EB05958B9}.Development Editor|Win64.Build.0 = Development_Editor|x64
		{6A63DFCF-799D-4EA2-A01F-985EB05958B9}.Development|HTML5.ActiveCfg = HTML5_Development_Game|Win32
		{6A63DFCF-799D-4EA2-A01F-985EB05958B9}.Development|HTML5.Build.0 = HTML5_Development_Game|Win32
		{6A63DFCF-799D-4EA2-A01F-985EB05958B9}.Development|Win32.ActiveCfg = Development_Game|Win32
		{6A63DFCF-799D-4EA2-A01F-985EB05958B9}.Development|Win32.Build.0 = Development_Game|Win32
		{6A63DFCF-799D-4EA2-A01F-985EB05958B9}.Development|Win64.ActiveCfg = Development_Game|x64
		{6A63DFCF-799D-4EA2-A01F-985EB05958B9}.Development|Win64.Build.0 = Development_Game|x64
		{6A63DFCF-799D-4EA2-A01F-985EB05958B9}.Shipping|HTML5.ActiveCfg = HTML5_Shipping_Game|Win32
		{6A63DFCF-799D-4EA2-A01F-985EB05958B9}.Shipping|HTML5.Build.0 = HTML5_Shipping_Game|Win32
		{6A63DFCF-799D-4EA2-A01F-985EB05958B9}.Shipping|Win32.ActiveCfg = Shipping_Game|Win32
		{6A63DFCF-799D-4EA2-A01F-985EB05958B9}.Shipping|Win32.Build.0 = Shipping_Game|Win32
		{6A63DFCF-799D-4EA2-A01F-985EB05958B9}.Shipping|Win64.ActiveCfg = Shipping_Game|x64
		{6A63DFCF-799D-4EA2-A01F-985EB05958B9}.Shipping|Win64.Build.0 = Shipping_Game|x64
	EndGlobalSection
	GlobalSection(SolutionProperties) = preSolution
		HideSolutionNode = FALSE
	EndGlobalSection
	GlobalSection(NestedProjects) = preSolution
		{4E5BD83A-FD1F-4DE9-88E6-828D8D037926} = {B20CF445-6C8C-4D13-8DF5-760D281A4A1E}
		{6A63DFCF-799D-4EA2-A01F-985EB05958B9} = {F28E9D81-00B6-4B5C-B238-0F0CAF7B92CA}
	EndGlobalSection
	GlobalSection(ExtensibilityGlobals) = postSolution
		SolutionGuid = {C969901D-B379-446C-855A-BB0B106BFF07}
	EndGlobalSection
EndGlobal
