
Microsoft Visual Studio Solution File, Format Version 12.00
# Visual Studio 15
VisualStudioVersion = 15.0.25807.0
MinimumVisualStudioVersion = 10.0.40219.1
Project("{2150E333-8FDC-42A3-9474-1A3956D46DE8}") = "Engine", "Engine", "{DEA272E7-FA3B-451A-B607-5AAECCB2BB2B}"
EndProject
Project("{2150E333-8FDC-42A3-9474-1A3956D46DE8}") = "Games", "Games", "{CFD2F7D7-3F76-4AE9-A70D-34AD6AF85C87}"
EndProject
Project("{8BC9CEB8-8B4A-11D0-8D11-00A0C91BC942}") = "UE4", "Intermediate\ProjectFiles\UE4.vcxproj", "{66CDC5A9-777C-4AA7-8B80-73DEA0E4D2C7}"
EndProject
Project("{8BC9CEB8-8B4A-11D0-8D11-00A0C91BC942}") = "LostBox", "Intermediate\ProjectFiles\LostBox.vcxproj", "{75E1D546-04E0-4EAF-813F-A7376DE18F03}"
EndProject
Global
	GlobalSection(SolutionConfigurationPlatforms) = preSolution
		DebugGame Editor|HTML5 = DebugGame Editor|HTML5
		DebugGame Editor|Win32 = DebugGame Editor|Win32
		DebugGame Editor|Win64 = DebugGame Editor|Win64
		DebugGame|HTML5 = DebugGame|HTML5
		DebugGame|Win32 = DebugGame|Win32
		DebugGame|Win64 = DebugGame|Win64
		Development Editor|HTML5 = Development Editor|HTML5
		Development Editor|Win32 = Development Editor|Win32
		Development Editor|Win64 = Development Editor|Win64
		Development|HTML5 = Development|HTML5
		Development|Win32 = Development|Win32
		Development|Win64 = Development|Win64
		Shipping|HTML5 = Shipping|HTML5
		Shipping|Win32 = Shipping|Win32
		Shipping|Win64 = Shipping|Win64
	EndGlobalSection
	GlobalSection(ProjectConfigurationPlatforms) = postSolution
		{75E1D546-04E0-4EAF-813F-A7376DE18F03}.DebugGame Editor|HTML5.ActiveCfg = HTML5_DebugGame_Editor|Win32
		{75E1D546-04E0-4EAF-813F-A7376DE18F03}.DebugGame Editor|Win32.ActiveCfg = DebugGame_Editor|Win32
		{75E1D546-04E0-4EAF-813F-A7376DE18F03}.DebugGame Editor|Win64.ActiveCfg = DebugGame_Editor|x64
		{75E1D546-04E0-4EAF-813F-A7376DE18F03}.DebugGame Editor|Win64.Build.0 = DebugGame_Editor|x64
		{75E1D546-04E0-4EAF-813F-A7376DE18F03}.DebugGame|HTML5.ActiveCfg = HTML5_DebugGame_Game|Win32
		{75E1D546-04E0-4EAF-813F-A7376DE18F03}.DebugGame|HTML5.Build.0 = HTML5_DebugGame_Game|Win32
		{75E1D546-04E0-4EAF-813F-A7376DE18F03}.DebugGame|Win32.ActiveCfg = DebugGame_Game|Win32
		{75E1D546-04E0-4EAF-813F-A7376DE18F03}.DebugGame|Win32.Build.0 = DebugGame_Game|Win32
		{75E1D546-04E0-4EAF-813F-A7376DE18F03}.DebugGame|Win64.ActiveCfg = DebugGame_Game|x64
		{75E1D546-04E0-4EAF-813F-A7376DE18F03}.DebugGame|Win64.Build.0 = DebugGame_Game|x64
		{75E1D546-04E0-4EAF-813F-A7376DE18F03}.Development Editor|HTML5.ActiveCfg = HTML5_Development_Editor|Win32
		{75E1D546-04E0-4EAF-813F-A7376DE18F03}.Development Editor|Win32.ActiveCfg = Development_Editor|Win32
		{75E1D546-04E0-4EAF-813F-A7376DE18F03}.Development Editor|Win64.ActiveCfg = Development_Editor|x64
		{75E1D546-04E0-4EAF-813F-A7376DE18F03}.Development Editor|Win64.Build.0 = Development_Editor|x64
		{75E1D546-04E0-4EAF-813F-A7376DE18F03}.Development|HTML5.ActiveCfg = HTML5_Development_Game|Win32
		{75E1D546-04E0-4EAF-813F-A7376DE18F03}.Development|HTML5.Build.0 = HTML5_Development_Game|Win32
		{75E1D546-04E0-4EAF-813F-A7376DE18F03}.Development|Win32.ActiveCfg = Development_Game|Win32
		{75E1D546-04E0-4EAF-813F-A7376DE18F03}.Development|Win32.Build.0 = Development_Game|Win32
		{75E1D546-04E0-4EAF-813F-A7376DE18F03}.Development|Win64.ActiveCfg = Development_Game|x64
		{75E1D546-04E0-4EAF-813F-A7376DE18F03}.Development|Win64.Build.0 = Development_Game|x64
		{75E1D546-04E0-4EAF-813F-A7376DE18F03}.Shipping|HTML5.ActiveCfg = HTML5_Shipping_Game|Win32
		{75E1D546-04E0-4EAF-813F-A7376DE18F03}.Shipping|HTML5.Build.0 = HTML5_Shipping_Game|Win32
		{75E1D546-04E0-4EAF-813F-A7376DE18F03}.Shipping|Win32.ActiveCfg = Shipping_Game|Win32
		{75E1D546-04E0-4EAF-813F-A7376DE18F03}.Shipping|Win32.Build.0 = Shipping_Game|Win32
		{75E1D546-04E0-4EAF-813F-A7376DE18F03}.Shipping|Win64.ActiveCfg = Shipping_Game|x64
		{75E1D546-04E0-4EAF-813F-A7376DE18F03}.Shipping|Win64.Build.0 = Shipping_Game|x64
	EndGlobalSection
	GlobalSection(SolutionProperties) = preSolution
		HideSolutionNode = FALSE
	EndGlobalSection
	GlobalSection(NestedProjects) = preSolution
		{66CDC5A9-777C-4AA7-8B80-73DEA0E4D2C7} = {DEA272E7-FA3B-451A-B607-5AAECCB2BB2B}
		{75E1D546-04E0-4EAF-813F-A7376DE18F03} = {CFD2F7D7-3F76-4AE9-A70D-34AD6AF85C87}
	EndGlobalSection
EndGlobal
